
Microsoft Visual Studio Solution File, Format Version 12.00
# Visual Studio Version 17
VisualStudioVersion = 17.9.34701.34
MinimumVisualStudioVersion = 10.0.40219.1
Project("{9A19103F-16F7-4668-BE54-9A1E7A4F7556}") = "PasswordValidator", "PasswordValidator\PasswordValidator.csproj", "{354C680C-42A2-4B58-9FCC-3AA93F179492}"
EndProject
Project("{9A19103F-16F7-4668-BE54-9A1E7A4F7556}") = "ZadachaSVuvedenMasiv", "ZadachaSVuvedenMasiv\ZadachaSVuvedenMasiv.csproj", "{047D3652-9506-4E05-B045-74D6E3F18A37}"
EndProject
Project("{FAE04EC0-301F-11D3-BF4B-00C04F79EFBC}") = "BroeneNaNuliVMasiv", "BroeneNaNuliVMasiv\BroeneNaNuliVMasiv.csproj", "{75683CDD-F832-42E3-A2AB-41FCCB29A14B}"
EndProject
Global
	GlobalSection(SolutionConfigurationPlatforms) = preSolution
		Debug|Any CPU = Debug|Any CPU
		Release|Any CPU = Release|Any CPU
	EndGlobalSection
	GlobalSection(ProjectConfigurationPlatforms) = postSolution
		{354C680C-42A2-4B58-9FCC-3AA93F179492}.Debug|Any CPU.ActiveCfg = Debug|Any CPU
		{354C680C-42A2-4B58-9FCC-3AA93F179492}.Debug|Any CPU.Build.0 = Debug|Any CPU
		{354C680C-42A2-4B58-9FCC-3AA93F179492}.Release|Any CPU.ActiveCfg = Release|Any CPU
		{354C680C-42A2-4B58-9FCC-3AA93F179492}.Release|Any CPU.Build.0 = Release|Any CPU
		{047D3652-9506-4E05-B045-74D6E3F18A37}.Debug|Any CPU.ActiveCfg = Debug|Any CPU
		{047D3652-9506-4E05-B045-74D6E3F18A37}.Debug|Any CPU.Build.0 = Debug|Any CPU
		{047D3652-9506-4E05-B045-74D6E3F18A37}.Release|Any CPU.ActiveCfg = Release|Any CPU
		{047D3652-9506-4E05-B045-74D6E3F18A37}.Release|Any CPU.Build.0 = Release|Any CPU
		{75683CDD-F832-42E3-A2AB-41FCCB29A14B}.Debug|Any CPU.ActiveCfg = Debug|Any CPU
		{75683CDD-F832-42E3-A2AB-41FCCB29A14B}.Debug|Any CPU.Build.0 = Debug|Any CPU
		{75683CDD-F832-42E3-A2AB-41FCCB29A14B}.Release|Any CPU.ActiveCfg = Release|Any CPU
		{75683CDD-F832-42E3-A2AB-41FCCB29A14B}.Release|Any CPU.Build.0 = Release|Any CPU
	EndGlobalSection
	GlobalSection(SolutionProperties) = preSolution
		HideSolutionNode = FALSE
	EndGlobalSection
	GlobalSection(ExtensibilityGlobals) = postSolution
		SolutionGuid = {CA229647-6698-4271-8015-7D80D65A8B14}
	EndGlobalSection
EndGlobal
